// !$*UTF8*$!
{
	archiveVersion = 1;
	classes = {
	};
	objectVersion = 50;
	objects = {

/* Begin PBXBuildFile section */
		1F60EC1224F41C6C00DCA5FB /* AppDelegate.swift in Sources */ = {isa = PBXBuildFile; fileRef = 1F60EC1124F41C6C00DCA5FB /* AppDelegate.swift */; };
		1F60EC1424F41C6C00DCA5FB /* SceneDelegate.swift in Sources */ = {isa = PBXBuildFile; fileRef = 1F60EC1324F41C6C00DCA5FB /* SceneDelegate.swift */; };
		1F60EC1624F41C6C00DCA5FB /* ViewController.swift in Sources */ = {isa = PBXBuildFile; fileRef = 1F60EC1524F41C6C00DCA5FB /* ViewController.swift */; };
		1F60EC1924F41C6C00DCA5FB /* Main.storyboard in Resources */ = {isa = PBXBuildFile; fileRef = 1F60EC1724F41C6C00DCA5FB /* Main.storyboard */; };
		1F60EC1B24F41C6E00DCA5FB /* Assets.xcassets in Resources */ = {isa = PBXBuildFile; fileRef = 1F60EC1A24F41C6E00DCA5FB /* Assets.xcassets */; };
		1F60EC1E24F41C6E00DCA5FB /* LaunchScreen.storyboard in Resources */ = {isa = PBXBuildFile; fileRef = 1F60EC1C24F41C6E00DCA5FB /* LaunchScreen.storyboard */; };
		1FC8030524F6E9370022756A /* AppearanceViewController.swift in Sources */ = {isa = PBXBuildFile; fileRef = 1FC8030424F6E9370022756A /* AppearanceViewController.swift */; };
		1FC8030724F6E9820022756A /* InfoViewController.swift in Sources */ = {isa = PBXBuildFile; fileRef = 1FC8030624F6E9820022756A /* InfoViewController.swift */; };
/* End PBXBuildFile section */

/* Begin PBXFileReference section */
		1F60EC0E24F41C6C00DCA5FB /* WeeklyDayFinder.app */ = {isa = PBXFileReference; explicitFileType = wrapper.application; includeInIndex = 0; path = WeeklyDayFinder.app; sourceTree = BUILT_PRODUCTS_DIR; };
		1F60EC1124F41C6C00DCA5FB /* AppDelegate.swift */ = {isa = PBXFileReference; lastKnownFileType = sourcecode.swift; path = AppDelegate.swift; sourceTree = "<group>"; };
		1F60EC1324F41C6C00DCA5FB /* SceneDelegate.swift */ = {isa = PBXFileReference; lastKnownFileType = sourcecode.swift; path = SceneDelegate.swift; sourceTree = "<group>"; };
		1F60EC1524F41C6C00DCA5FB /* ViewController.swift */ = {isa = PBXFileReference; lastKnownFileType = sourcecode.swift; path = ViewController.swift; sourceTree = "<group>"; };
		1F60EC1824F41C6C00DCA5FB /* Base */ = {isa = PBXFileReference; lastKnownFileType = file.storyboard; name = Base; path = Base.lproj/Main.storyboard; sourceTree = "<group>"; };
		1F60EC1A24F41C6E00DCA5FB /* Assets.xcassets */ = {isa = PBXFileReference; lastKnownFileType = folder.assetcatalog; path = Assets.xcassets; sourceTree = "<group>"; };
		1F60EC1D24F41C6E00DCA5FB /* Base */ = {isa = PBXFileReference; lastKnownFileType = file.storyboard; name = Base; path = Base.lproj/LaunchScreen.storyboard; sourceTree = "<group>"; };
		1F60EC1F24F41C6E00DCA5FB /* Info.plist */ = {isa = PBXFileReference; lastKnownFileType = text.plist.xml; path = Info.plist; sourceTree = "<group>"; };
		1FC8030424F6E9370022756A /* AppearanceViewController.swift */ = {isa = PBXFileReference; lastKnownFileType = sourcecode.swift; path = AppearanceViewController.swift; sourceTree = "<group>"; };
		1FC8030624F6E9820022756A /* InfoViewController.swift */ = {isa = PBXFileReference; lastKnownFileType = sourcecode.swift; path = InfoViewController.swift; sourceTree = "<group>"; };
/* End PBXFileReference section */

/* Begin PBXFrameworksBuildPhase section */
		1F60EC0B24F41C6C00DCA5FB /* Frameworks */ = {
			isa = PBXFrameworksBuildPhase;
			buildActionMask = 2147483647;
			files = (
			);
			runOnlyForDeploymentPostprocessing = 0;
		};
/* End PBXFrameworksBuildPhase section */

/* Begin PBXGroup section */
		1F60EC0524F41C6C00DCA5FB = {
			isa = PBXGroup;
			children = (
				1F60EC1024F41C6C00DCA5FB /* WeeklyDayFinder */,
				1F60EC0F24F41C6C00DCA5FB /* Products */,
			);
			sourceTree = "<group>";
		};
		1F60EC0F24F41C6C00DCA5FB /* Products */ = {
			isa = PBXGroup;
			children = (
				1F60EC0E24F41C6C00DCA5FB /* WeeklyDayFinder.app */,
			);
			name = Products;
			sourceTree = "<group>";
		};
		1F60EC1024F41C6C00DCA5FB /* WeeklyDayFinder */ = {
			isa = PBXGroup;
			children = (
				1F60EC1124F41C6C00DCA5FB /* AppDelegate.swift */,
				1F60EC1324F41C6C00DCA5FB /* SceneDelegate.swift */,
				1F60EC1524F41C6C00DCA5FB /* ViewController.swift */,
				1F60EC1724F41C6C00DCA5FB /* Main.storyboard */,
				1FC8030624F6E9820022756A /* InfoViewController.swift */,
				1FC8030424F6E9370022756A /* AppearanceViewController.swift */,
				1F60EC1A24F41C6E00DCA5FB /* Assets.xcassets */,
				1F60EC1C24F41C6E00DCA5FB /* LaunchScreen.storyboard */,
				1F60EC1F24F41C6E00DCA5FB /* Info.plist */,
			);
			path = WeeklyDayFinder;
			sourceTree = "<group>";
		};
/* End PBXGroup section */

/* Begin PBXNativeTarget section */
		1F60EC0D24F41C6C00DCA5FB /* WeeklyDayFinder */ = {
			isa = PBXNativeTarget;
			buildConfigurationList = 1F60EC2224F41C6E00DCA5FB /* Build configuration list for PBXNativeTarget "WeeklyDayFinder" */;
			buildPhases = (
				1F60EC0A24F41C6C00DCA5FB /* Sources */,
				1F60EC0B24F41C6C00DCA5FB /* Frameworks */,
				1F60EC0C24F41C6C00DCA5FB /* Resources */,
			);
			buildRules = (
			);
			dependencies = (
			);
			name = WeeklyDayFinder;
			productName = WeeklyDayFinder;
			productReference = 1F60EC0E24F41C6C00DCA5FB /* WeeklyDayFinder.app */;
			productType = "com.apple.product-type.application";
		};
/* End PBXNativeTarget section */

/* Begin PBXProject section */
		1F60EC0624F41C6C00DCA5FB /* Project object */ = {
			isa = PBXProject;
			attributes = {
				LastSwiftUpdateCheck = 1160;
				LastUpgradeCheck = 1160;
				ORGANIZATIONNAME = sindija.dzintare;
				TargetAttributes = {
					1F60EC0D24F41C6C00DCA5FB = {
						CreatedOnToolsVersion = 11.6;
					};
				};
			};
			buildConfigurationList = 1F60EC0924F41C6C00DCA5FB /* Build configuration list for PBXProject "WeeklyDayFinder" */;
			compatibilityVersion = "Xcode 9.3";
			developmentRegion = en;
			hasScannedForEncodings = 0;
			knownRegions = (
				en,
				Base,
			);
			mainGroup = 1F60EC0524F41C6C00DCA5FB;
			productRefGroup = 1F60EC0F24F41C6C00DCA5FB /* Products */;
			projectDirPath = "";
			projectRoot = "";
			targets = (
				1F60EC0D24F41C6C00DCA5FB /* WeeklyDayFinder */,
			);
		};
/* End PBXProject section */

/* Begin PBXResourcesBuildPhase section */
		1F60EC0C24F41C6C00DCA5FB /* Resources */ = {
			isa = PBXResourcesBuildPhase;
			buildActionMask = 2147483647;
			files = (
				1F60EC1E24F41C6E00DCA5FB /* LaunchScreen.storyboard in Resources */,
				1F60EC1B24F41C6E00DCA5FB /* Assets.xcassets in Resources */,
				1F60EC1924F41C6C00DCA5FB /* Main.storyboard in Resources */,
			);
			runOnlyForDeploymentPostprocessing = 0;
		};
/* End PBXResourcesBuildPhase section */

/* Begin PBXSourcesBuildPhase section */
		1F60EC0A24F41C6C00DCA5FB /* Sources */ = {
			isa = PBXSourcesBuildPhase;
			buildActionMask = 2147483647;
			files = (
				1FC8030524F6E9370022756A /* AppearanceViewController.swift in Sources */,
				1F60EC1624F41C6C00DCA5FB /* ViewController.swift in Sources */,
				1F60EC1224F41C6C00DCA5FB /* AppDelegate.swift in Sources */,
				1F60EC1424F41C6C00DCA5FB /* SceneDelegate.swift in Sources */,
				1FC8030724F6E9820022756A /* InfoViewController.swift in Sources */,
			);
			runOnlyForDeploymentPostprocessing = 0;
		};
/* End PBXSourcesBuildPhase section */

/* Begin PBXVariantGroup section */
		1F60EC1724F41C6C00DCA5FB /* Main.storyboard */ = {
			isa = PBXVariantGroup;
			children = (
				1F60EC1824F41C6C00DCA5FB /* Base */,
			);
			name = Main.storyboard;
			sourceTree = "<group>";
		};
		1F60EC1C24F41C6E00DCA5FB /* LaunchScreen.storyboard */ = {
			isa = PBXVariantGroup;
			children = (
				1F60EC1D24F41C6E00DCA5FB /* Base */,
			);
			name = LaunchScreen.storyboard;
			sourceTree = "<group>";
		};
/* End PBXVariantGroup section */

/* Begin XCBuildConfiguration section */
		1F60EC2024F41C6E00DCA5FB /* Debug */ = {
			isa = XCBuildConfiguration;
			buildSettings = {
				ALWAYS_SEARCH_USER_PATHS = NO;
				CLANG_ANALYZER_NONNULL = YES;
				CLANG_ANALYZER_NUMBER_OBJECT_CONVERSION = YES_AGGRESSIVE;
				CLANG_CXX_LANGUAGE_STANDARD = "gnu++14";
				CLANG_CXX_LIBRARY = "libc++";
				CLANG_ENABLE_MODULES = YES;
				CLANG_ENABLE_OBJC_ARC = YES;
				CLANG_ENABLE_OBJC_WEAK = YES;
				CLANG_WARN_BLOCK_CAPTURE_AUTORELEASING = YES;
				CLANG_WARN_BOOL_CONVERSION = YES;
				CLANG_WARN_COMMA = YES;
				CLANG_WARN_CONSTANT_CONVERSION = YES;
				CLANG_WARN_DEPRECATED_OBJC_IMPLEMENTATIONS = YES;
				CLANG_WARN_DIRECT_OBJC_ISA_USAGE = YES_ERROR;
				CLANG_WARN_DOCUMENTATION_COMMENTS = YES;
				CLANG_WARN_EMPTY_BODY = YES;
				CLANG_WARN_ENUM_CONVERSION = YES;
				CLANG_WARN_INFINITE_RECURSION = YES;
				CLANG_WARN_INT_CONVERSION = YES;
				CLANG_WARN_NON_LITERAL_NULL_CONVERSION = YES;
				CLANG_WARN_OBJC_IMPLICIT_RETAIN_SELF = YES;
				CLANG_WARN_OBJC_LITERAL_CONVERSION = YES;
				CLANG_WARN_OBJC_ROOT_CLASS = YES_ERROR;
				CLANG_WARN_RANGE_LOOP_ANALYSIS = YES;
				CLANG_WARN_STRICT_PROTOTYPES = YES;
				CLANG_WARN_SUSPICIOUS_MOVE = YES;
				CLANG_WARN_UNGUARDED_AVAILABILITY = YES_AGGRESSIVE;
				CLANG_WARN_UNREACHABLE_CODE = YES;
				CLANG_WARN__DUPLICATE_METHOD_MATCH = YES;
				COPY_PHASE_STRIP = NO;
				DEBUG_INFORMATION_FORMAT = dwarf;
				ENABLE_STRICT_OBJC_MSGSEND = YES;
				ENABLE_TESTABILITY = YES;
				GCC_C_LANGUAGE_STANDARD = gnu11;
				GCC_DYNAMIC_NO_PIC = NO;
				GCC_NO_COMMON_BLOCKS = YES;
				GCC_OPTIMIZATION_LEVEL = 0;
				GCC_PREPROCESSOR_DEFINITIONS = (
					"DEBUG=1",
					"$(inherited)",
				);
				GCC_WARN_64_TO_32_BIT_CONVERSION = YES;
				GCC_WARN_ABOUT_RETURN_TYPE = YES_ERROR;
				GCC_WARN_UNDECLARED_SELECTOR = YES;
				GCC_WARN_UNINITIALIZED_AUTOS = YES_AGGRESSIVE;
				GCC_WARN_UNUSED_FUNCTION = YES;
				GCC_WARN_UNUSED_VARIABLE = YES;
				IPHONEOS_DEPLOYMENT_TARGET = 13.6;
				MTL_ENABLE_DEBUG_INFO = INCLUDE_SOURCE;
				MTL_FAST_MATH = YES;
				ONLY_ACTIVE_ARCH = YES;
				SDKROOT = iphoneos;
				SWIFT_ACTIVE_COMPILATION_CONDITIONS = DEBUG;
				SWIFT_OPTIMIZATION_LEVEL = "-Onone";
			};
			name = Debug;
		};
		1F60EC2124F41C6E00DCA5FB /* Release */ = {
			isa = XCBuildConfiguration;
			buildSettings = {
				ALWAYS_SEARCH_USER_PATHS = NO;
				CLANG_ANALYZER_NONNULL = YES;
				CLANG_ANALYZER_NUMBER_OBJECT_CONVERSION = YES_AGGRESSIVE;
				CLANG_CXX_LANGUAGE_STANDARD = "gnu++14";
				CLANG_CXX_LIBRARY = "libc++";
				CLANG_ENABLE_MODULES = YES;
				CLANG_ENABLE_OBJC_ARC = YES;
				CLANG_ENABLE_OBJC_WEAK = YES;
				CLANG_WARN_BLOCK_CAPTURE_AUTORELEASING = YES;
				CLANG_WARN_BOOL_CONVERSION = YES;
				CLANG_WARN_COMMA = YES;
				CLANG_WARN_CONSTANT_CONVERSION = YES;
				CLANG_WARN_DEPRECATED_OBJC_IMPLEMENTATIONS = YES;
				CLANG_WARN_DIRECT_OBJC_ISA_USAGE = YES_ERROR;
				CLANG_WARN_DOCUMENTATION_COMMENTS = YES;
				CLANG_WARN_EMPTY_BODY = YES;
				CLANG_WARN_ENUM_CONVERSION = YES;
				CLANG_WARN_INFINITE_RECURSION = YES;
				CLANG_WARN_INT_CONVERSION = YES;
				CLANG_WARN_NON_LITERAL_NULL_CONVERSION = YES;
				CLANG_WARN_OBJC_IMPLICIT_RETAIN_SELF = YES;
				CLANG_WARN_OBJC_LITERAL_CONVERSION = YES;
				CLANG_WARN_OBJC_ROOT_CLASS = YES_ERROR;
				CLANG_WARN_RANGE_LOOP_ANALYSIS = YES;
				CLANG_WARN_STRICT_PROTOTYPES = YES;
				CLANG_WARN_SUSPICIOUS_MOVE = YES;
				CLANG_WARN_UNGUARDED_AVAILABILITY = YES_AGGRESSIVE;
				CLANG_WARN_UNREACHABLE_CODE = YES;
				CLANG_WARN__DUPLICATE_METHOD_MATCH = YES;
				COPY_PHASE_STRIP = NO;
				DEBUG_INFORMATION_FORMAT = "dwarf-with-dsym";
				ENABLE_NS_ASSERTIONS = NO;
				ENABLE_STRICT_OBJC_MSGSEND = YES;
				GCC_C_LANGUAGE_STANDARD = gnu11;
				GCC_NO_COMMON_BLOCKS = YES;
				GCC_WARN_64_TO_32_BIT_CONVERSION = YES;
				GCC_WARN_ABOUT_RETURN_TYPE = YES_ERROR;
				GCC_WARN_UNDECLARED_SELECTOR = YES;
				GCC_WARN_UNINITIALIZED_AUTOS = YES_AGGRESSIVE;
				GCC_WARN_UNUSED_FUNCTION = YES;
				GCC_WARN_UNUSED_VARIABLE = YES;
				IPHONEOS_DEPLOYMENT_TARGET = 13.6;
				MTL_ENABLE_DEBUG_INFO = NO;
				MTL_FAST_MATH = YES;
				SDKROOT = iphoneos;
				SWIFT_COMPILATION_MODE = wholemodule;
				SWIFT_OPTIMIZATION_LEVEL = "-O";
				VALIDATE_PRODUCT = YES;
			};
			name = Release;
		};
		1F60EC2324F41C6E00DCA5FB /* Debug */ = {
			isa = XCBuildConfiguration;
			buildSettings = {
				ASSETCATALOG_COMPILER_APPICON_NAME = AppIcon;
				CODE_SIGN_STYLE = Automatic;
				DEVELOPMENT_TEAM = V5AQVD3P26;
				INFOPLIST_FILE = WeeklyDayFinder/Info.plist;
				LD_RUNPATH_SEARCH_PATHS = (
					"$(inherited)",
					"@executable_path/Frameworks",
				);
				PRODUCT_BUNDLE_IDENTIFIER = lv.sidzapp.WeeklyDayFinder;
				PRODUCT_NAME = "$(TARGET_NAME)";
				SWIFT_VERSION = 5.0;
				TARGETED_DEVICE_FAMILY = "1,2";
			};
			name = Debug;
		};
		1F60EC2424F41C6E00DCA5FB /* Release */ = {
			isa = XCBuildConfiguration;
			buildSettings = {
				ASSETCATALOG_COMPILER_APPICON_NAME = AppIcon;
				CODE_SIGN_STYLE = Automatic;
				DEVELOPMENT_TEAM = V5AQVD3P26;
				INFOPLIST_FILE = WeeklyDayFinder/Info.plist;
				LD_RUNPATH_SEARCH_PATHS = (
					"$(inherited)",
					"@executable_path/Frameworks",
				);
				PRODUCT_BUNDLE_IDENTIFIER = lv.sidzapp.WeeklyDayFinder;
				PRODUCT_NAME = "$(TARGET_NAME)";
				SWIFT_VERSION = 5.0;
				TARGETED_DEVICE_FAMILY = "1,2";
			};
			name = Release;
		};
/* End XCBuildConfiguration section */

/* Begin XCConfigurationList section */
		1F60EC0924F41C6C00DCA5FB /* Build configuration list for PBXProject "WeeklyDayFinder" */ = {
			isa = XCConfigurationList;
			buildConfigurations = (
				1F60EC2024F41C6E00DCA5FB /* Debug */,
				1F60EC2124F41C6E00DCA5FB /* Release */,
			);
			defaultConfigurationIsVisible = 0;
			defaultConfigurationName = Release;
		};
		1F60EC2224F41C6E00DCA5FB /* Build configuration list for PBXNativeTarget "WeeklyDayFinder" */ = {
			isa = XCConfigurationList;
			buildConfigurations = (
				1F60EC2324F41C6E00DCA5FB /* Debug */,
				1F60EC2424F41C6E00DCA5FB /* Release */,
			);
			defaultConfigurationIsVisible = 0;
			defaultConfigurationName = Release;
		};
/* End XCConfigurationList section */
	};
	rootObject = 1F60EC0624F41C6C00DCA5FB /* Project object */;
}
